
Microsoft Visual Studio Solution File, Format Version 12.00
# Visual Studio Version 16
VisualStudioVersion = 16.0.28803.352
MinimumVisualStudioVersion = 10.0.40219.1
Project("{FAE04EC0-301F-11D3-BF4B-00C04F79EFBC}") = "Programmierprojekt", "Programmierprojekt\Programmierprojekt.csproj", "{D497A24A-3C9B-49E7-B172-E991A2967B82}"
EndProject
Project("{FAE04EC0-301F-11D3-BF4B-00C04F79EFBC}") = "AutoCADTool", "AutoCADTool\AutoCADTool.csproj", "{34B2A4C0-4B18-440F-A0FA-DAC893A73AA7}"
EndProject
Project("{FAE04EC0-301F-11D3-BF4B-00C04F79EFBC}") = "AutoCADBibTestCode", "AutoCADBibTestCode\AutoCADBibTestCode.csproj", "{44FF2F8D-23A3-46DF-A45F-0CB0F8141701}"
EndProject
Project("{FAE04EC0-301F-11D3-BF4B-00C04F79EFBC}") = "EdgeTool", "VertexTool\EdgeTool.csproj", "{CE0B06AE-5747-4412-BC76-7D3EEDEE7FB2}"
EndProject
Project("{FAE04EC0-301F-11D3-BF4B-00C04F79EFBC}") = "SortTool", "SortTool\SortTool.csproj", "{54FDA61C-163B-4A0D-B506-D33F2937B344}"
EndProject
Project("{FAE04EC0-301F-11D3-BF4B-00C04F79EFBC}") = "GCodeTool", "GCodeTool\GCodeTool.csproj", "{A13208F9-89B3-406E-A98B-BDBABE250E48}"
EndProject
Project("{FAE04EC0-301F-11D3-BF4B-00C04F79EFBC}") = "GeometryTool", "GeometryTool\GeometryTool.csproj", "{415BCBC5-96A1-4EB4-AFE9-7BD024B9DDDD}"
EndProject
Global
	GlobalSection(SolutionConfigurationPlatforms) = preSolution
		Debug|Any CPU = Debug|Any CPU
		Release|Any CPU = Release|Any CPU
	EndGlobalSection
	GlobalSection(ProjectConfigurationPlatforms) = postSolution
		{D497A24A-3C9B-49E7-B172-E991A2967B82}.Debug|Any CPU.ActiveCfg = Debug|Any CPU
		{D497A24A-3C9B-49E7-B172-E991A2967B82}.Debug|Any CPU.Build.0 = Debug|Any CPU
		{D497A24A-3C9B-49E7-B172-E991A2967B82}.Release|Any CPU.ActiveCfg = Release|Any CPU
		{D497A24A-3C9B-49E7-B172-E991A2967B82}.Release|Any CPU.Build.0 = Release|Any CPU
		{34B2A4C0-4B18-440F-A0FA-DAC893A73AA7}.Debug|Any CPU.ActiveCfg = Debug|Any CPU
		{34B2A4C0-4B18-440F-A0FA-DAC893A73AA7}.Debug|Any CPU.Build.0 = Debug|Any CPU
		{34B2A4C0-4B18-440F-A0FA-DAC893A73AA7}.Release|Any CPU.ActiveCfg = Release|Any CPU
		{34B2A4C0-4B18-440F-A0FA-DAC893A73AA7}.Release|Any CPU.Build.0 = Release|Any CPU
		{44FF2F8D-23A3-46DF-A45F-0CB0F8141701}.Debug|Any CPU.ActiveCfg = Debug|Any CPU
		{44FF2F8D-23A3-46DF-A45F-0CB0F8141701}.Debug|Any CPU.Build.0 = Debug|Any CPU
		{44FF2F8D-23A3-46DF-A45F-0CB0F8141701}.Release|Any CPU.ActiveCfg = Release|Any CPU
		{44FF2F8D-23A3-46DF-A45F-0CB0F8141701}.Release|Any CPU.Build.0 = Release|Any CPU
		{CE0B06AE-5747-4412-BC76-7D3EEDEE7FB2}.Debug|Any CPU.ActiveCfg = Debug|Any CPU
		{CE0B06AE-5747-4412-BC76-7D3EEDEE7FB2}.Debug|Any CPU.Build.0 = Debug|Any CPU
		{CE0B06AE-5747-4412-BC76-7D3EEDEE7FB2}.Release|Any CPU.ActiveCfg = Release|Any CPU
		{CE0B06AE-5747-4412-BC76-7D3EEDEE7FB2}.Release|Any CPU.Build.0 = Release|Any CPU
		{54FDA61C-163B-4A0D-B506-D33F2937B344}.Debug|Any CPU.ActiveCfg = Debug|Any CPU
		{54FDA61C-163B-4A0D-B506-D33F2937B344}.Debug|Any CPU.Build.0 = Debug|Any CPU
		{54FDA61C-163B-4A0D-B506-D33F2937B344}.Release|Any CPU.ActiveCfg = Release|Any CPU
		{54FDA61C-163B-4A0D-B506-D33F2937B344}.Release|Any CPU.Build.0 = Release|Any CPU
		{A13208F9-89B3-406E-A98B-BDBABE250E48}.Debug|Any CPU.ActiveCfg = Debug|Any CPU
		{A13208F9-89B3-406E-A98B-BDBABE250E48}.Debug|Any CPU.Build.0 = Debug|Any CPU
		{A13208F9-89B3-406E-A98B-BDBABE250E48}.Release|Any CPU.ActiveCfg = Release|Any CPU
		{A13208F9-89B3-406E-A98B-BDBABE250E48}.Release|Any CPU.Build.0 = Release|Any CPU
		{415BCBC5-96A1-4EB4-AFE9-7BD024B9DDDD}.Debug|Any CPU.ActiveCfg = Debug|Any CPU
		{415BCBC5-96A1-4EB4-AFE9-7BD024B9DDDD}.Debug|Any CPU.Build.0 = Debug|Any CPU
		{415BCBC5-96A1-4EB4-AFE9-7BD024B9DDDD}.Release|Any CPU.ActiveCfg = Release|Any CPU
		{415BCBC5-96A1-4EB4-AFE9-7BD024B9DDDD}.Release|Any CPU.Build.0 = Release|Any CPU
	EndGlobalSection
	GlobalSection(SolutionProperties) = preSolution
		HideSolutionNode = FALSE
	EndGlobalSection
	GlobalSection(ExtensibilityGlobals) = postSolution
		SolutionGuid = {6C5C002A-F7BD-47CF-AA7B-F8C87D6F68BB}
	EndGlobalSection
EndGlobal
