
Microsoft Visual Studio Solution File, Format Version 12.00
# Visual Studio Version 16
VisualStudioVersion = 16.0.28803.352
MinimumVisualStudioVersion = 10.0.40219.1
Project("{FAE04EC0-301F-11D3-BF4B-00C04F79EFBC}") = "Programmierprojekt", "Programmierprojekt\Programmierprojekt.csproj", "{D497A24A-3C9B-49E7-B172-E991A2967B82}"
EndProject
Project("{FAE04EC0-301F-11D3-BF4B-00C04F79EFBC}") = "ConverterGUI", "WindowsFormsApp1\ConverterGUI.csproj", "{D366F1BD-123F-40C6-B0E8-9585364F6DD2}"
	ProjectSection(ProjectDependencies) = postProject
		{926B20D1-5FCF-4CE1-BD15-F148880D486A} = {926B20D1-5FCF-4CE1-BD15-F148880D486A}
	EndProjectSection
EndProject
Project("{FAE04EC0-301F-11D3-BF4B-00C04F79EFBC}") = "Export", "Export\Export.csproj", "{A3CFF06B-E14A-426B-9A73-A510A2993BB2}"
EndProject
Project("{FAE04EC0-301F-11D3-BF4B-00C04F79EFBC}") = "PackClosedShapes", "PackClosedShapes\PackClosedShapes.csproj", "{27AF0F97-1403-438E-9747-5C7641F6CB97}"
EndProject
Project("{FAE04EC0-301F-11D3-BF4B-00C04F79EFBC}") = "SortInnerAndOuterShape", "SortInnerAndOuterShape\SortInnerAndOuterShape.csproj", "{AF151A15-3F02-483B-BEB2-A1FBAC72E59F}"
EndProject
Project("{FAE04EC0-301F-11D3-BF4B-00C04F79EFBC}") = "Import", "Import\Import.csproj", "{862F5DC0-D766-4767-8226-98620C986CBE}"
EndProject
Project("{FAE04EC0-301F-11D3-BF4B-00C04F79EFBC}") = "ImportTests", "ImportTests\ImportTests.csproj", "{AAD7B0A2-E865-4354-9417-B13BBF946BD3}"
EndProject
Project("{FAE04EC0-301F-11D3-BF4B-00C04F79EFBC}") = "GCodeGenerator", "GCodeGenerator\GCodeGenerator.csproj", "{926B20D1-5FCF-4CE1-BD15-F148880D486A}"
EndProject
Project("{FAE04EC0-301F-11D3-BF4B-00C04F79EFBC}") = "GCodeGeneratorTests", "GCodeGeneratorTests\GCodeGeneratorTests.csproj", "{E1DC2354-8BFC-4546-9285-AE5AE56D585A}"
EndProject
Project("{FAE04EC0-301F-11D3-BF4B-00C04F79EFBC}") = "AutoCADTool", "AutoCADTool\AutoCADTool.csproj", "{34B2A4C0-4B18-440F-A0FA-DAC893A73AA7}"
EndProject
Project("{FAE04EC0-301F-11D3-BF4B-00C04F79EFBC}") = "InterfaceLib", "InterfaceLib\InterfaceLib.csproj", "{A64802B5-712D-42D1-A383-12D3FFBB2A7A}"
EndProject
Global
	GlobalSection(SolutionConfigurationPlatforms) = preSolution
		Debug|Any CPU = Debug|Any CPU
		Release|Any CPU = Release|Any CPU
	EndGlobalSection
	GlobalSection(ProjectConfigurationPlatforms) = postSolution
		{D497A24A-3C9B-49E7-B172-E991A2967B82}.Debug|Any CPU.ActiveCfg = Debug|Any CPU
		{D497A24A-3C9B-49E7-B172-E991A2967B82}.Debug|Any CPU.Build.0 = Debug|Any CPU
		{D497A24A-3C9B-49E7-B172-E991A2967B82}.Release|Any CPU.ActiveCfg = Release|Any CPU
		{D497A24A-3C9B-49E7-B172-E991A2967B82}.Release|Any CPU.Build.0 = Release|Any CPU
		{D366F1BD-123F-40C6-B0E8-9585364F6DD2}.Debug|Any CPU.ActiveCfg = Debug|Any CPU
		{D366F1BD-123F-40C6-B0E8-9585364F6DD2}.Debug|Any CPU.Build.0 = Debug|Any CPU
		{D366F1BD-123F-40C6-B0E8-9585364F6DD2}.Release|Any CPU.ActiveCfg = Release|Any CPU
		{D366F1BD-123F-40C6-B0E8-9585364F6DD2}.Release|Any CPU.Build.0 = Release|Any CPU
		{A3CFF06B-E14A-426B-9A73-A510A2993BB2}.Debug|Any CPU.ActiveCfg = Debug|Any CPU
		{A3CFF06B-E14A-426B-9A73-A510A2993BB2}.Debug|Any CPU.Build.0 = Debug|Any CPU
		{A3CFF06B-E14A-426B-9A73-A510A2993BB2}.Release|Any CPU.ActiveCfg = Release|Any CPU
		{A3CFF06B-E14A-426B-9A73-A510A2993BB2}.Release|Any CPU.Build.0 = Release|Any CPU
		{27AF0F97-1403-438E-9747-5C7641F6CB97}.Debug|Any CPU.ActiveCfg = Debug|Any CPU
		{27AF0F97-1403-438E-9747-5C7641F6CB97}.Debug|Any CPU.Build.0 = Debug|Any CPU
		{27AF0F97-1403-438E-9747-5C7641F6CB97}.Release|Any CPU.ActiveCfg = Release|Any CPU
		{27AF0F97-1403-438E-9747-5C7641F6CB97}.Release|Any CPU.Build.0 = Release|Any CPU
		{AF151A15-3F02-483B-BEB2-A1FBAC72E59F}.Debug|Any CPU.ActiveCfg = Debug|Any CPU
		{AF151A15-3F02-483B-BEB2-A1FBAC72E59F}.Debug|Any CPU.Build.0 = Debug|Any CPU
		{AF151A15-3F02-483B-BEB2-A1FBAC72E59F}.Release|Any CPU.ActiveCfg = Release|Any CPU
		{AF151A15-3F02-483B-BEB2-A1FBAC72E59F}.Release|Any CPU.Build.0 = Release|Any CPU
		{862F5DC0-D766-4767-8226-98620C986CBE}.Debug|Any CPU.ActiveCfg = Debug|Any CPU
		{862F5DC0-D766-4767-8226-98620C986CBE}.Debug|Any CPU.Build.0 = Debug|Any CPU
		{862F5DC0-D766-4767-8226-98620C986CBE}.Release|Any CPU.ActiveCfg = Release|Any CPU
		{862F5DC0-D766-4767-8226-98620C986CBE}.Release|Any CPU.Build.0 = Release|Any CPU
		{AAD7B0A2-E865-4354-9417-B13BBF946BD3}.Debug|Any CPU.ActiveCfg = Debug|Any CPU
		{AAD7B0A2-E865-4354-9417-B13BBF946BD3}.Debug|Any CPU.Build.0 = Debug|Any CPU
		{AAD7B0A2-E865-4354-9417-B13BBF946BD3}.Release|Any CPU.ActiveCfg = Release|Any CPU
		{AAD7B0A2-E865-4354-9417-B13BBF946BD3}.Release|Any CPU.Build.0 = Release|Any CPU
		{926B20D1-5FCF-4CE1-BD15-F148880D486A}.Debug|Any CPU.ActiveCfg = Debug|Any CPU
		{926B20D1-5FCF-4CE1-BD15-F148880D486A}.Debug|Any CPU.Build.0 = Debug|Any CPU
		{926B20D1-5FCF-4CE1-BD15-F148880D486A}.Release|Any CPU.ActiveCfg = Release|Any CPU
		{926B20D1-5FCF-4CE1-BD15-F148880D486A}.Release|Any CPU.Build.0 = Release|Any CPU
		{E1DC2354-8BFC-4546-9285-AE5AE56D585A}.Debug|Any CPU.ActiveCfg = Debug|Any CPU
		{E1DC2354-8BFC-4546-9285-AE5AE56D585A}.Debug|Any CPU.Build.0 = Debug|Any CPU
		{E1DC2354-8BFC-4546-9285-AE5AE56D585A}.Release|Any CPU.ActiveCfg = Release|Any CPU
		{E1DC2354-8BFC-4546-9285-AE5AE56D585A}.Release|Any CPU.Build.0 = Release|Any CPU
		{34B2A4C0-4B18-440F-A0FA-DAC893A73AA7}.Debug|Any CPU.ActiveCfg = Debug|Any CPU
		{34B2A4C0-4B18-440F-A0FA-DAC893A73AA7}.Debug|Any CPU.Build.0 = Debug|Any CPU
		{34B2A4C0-4B18-440F-A0FA-DAC893A73AA7}.Release|Any CPU.ActiveCfg = Release|Any CPU
		{34B2A4C0-4B18-440F-A0FA-DAC893A73AA7}.Release|Any CPU.Build.0 = Release|Any CPU
		{A64802B5-712D-42D1-A383-12D3FFBB2A7A}.Debug|Any CPU.ActiveCfg = Debug|Any CPU
		{A64802B5-712D-42D1-A383-12D3FFBB2A7A}.Debug|Any CPU.Build.0 = Debug|Any CPU
		{A64802B5-712D-42D1-A383-12D3FFBB2A7A}.Release|Any CPU.ActiveCfg = Release|Any CPU
		{A64802B5-712D-42D1-A383-12D3FFBB2A7A}.Release|Any CPU.Build.0 = Release|Any CPU
	EndGlobalSection
	GlobalSection(SolutionProperties) = preSolution
		HideSolutionNode = FALSE
	EndGlobalSection
	GlobalSection(ExtensibilityGlobals) = postSolution
		SolutionGuid = {6C5C002A-F7BD-47CF-AA7B-F8C87D6F68BB}
	EndGlobalSection
EndGlobal
